<?xml version="1.0" encoding="utf-8"?>
<Project ToolsVersion="4.0" xmlns="http://schemas.microsoft.com/developer/msbuild/2003">
  <ItemGroup>
    <Filter Include="Resource Files">
      <UniqueIdentifier>{67DA6AB6-F800-4c08-8B7A-83BB121AAD01}</UniqueIdentifier>
      <Extensions>rc;ico;cur;bmp;dlg;rc2;rct;bin;rgs;gif;jpg;jpeg;jpe;resx;tiff;tif;png;wav;mfcribbon-ms</Extensions>
    </Filter>
    <Filter Include="AutoMacro">
      <UniqueIdentifier>{98c29348-f0e4-40ff-8b0d-2870ed258a42}</UniqueIdentifier>
    </Filter>
    <Filter Include="AutoMacro\VideoCapture">
      <UniqueIdentifier>{0a3c67cc-ebcf-4412-b0d4-44eef5b48a4d}</UniqueIdentifier>
    </Filter>
    <Filter Include="AutoMacro\Detection">
      <UniqueIdentifier>{1284a370-c536-4947-afec-0d2c2de951e8}</UniqueIdentifier>
    </Filter>
    <Filter Include="AutoMacro\Core">
      <UniqueIdentifier>{cf495cc9-16c5-4d42-a3e8-751e71e04f36}</UniqueIdentifier>
    </Filter>
    <Filter Include="Resource Files\bin">
      <UniqueIdentifier>{f93cce75-6350-4aa4-81c8-9e5064fc793f}</UniqueIdentifier>
    </Filter>
    <Filter Include="AutoMacro\History">
      <UniqueIdentifier>{de9555fb-c8b4-43da-ba21-dcdee1cc4e48}</UniqueIdentifier>
    </Filter>
    <Filter Include="AutoMacro\Command">
      <UniqueIdentifier>{66e82985-4459-4d44-9dfc-d3d8a8dd8a0b}</UniqueIdentifier>
    </Filter>
    <Filter Include="AutoMacro\ImageProcessor">
      <UniqueIdentifier>{2373c9eb-baa1-478e-9dca-74e32582a77c}</UniqueIdentifier>
    </Filter>
    <Filter Include="AutoMacro\Detection\Detection">
      <UniqueIdentifier>{08820808-be7f-441c-a3b1-fca1c659ebf7}</UniqueIdentifier>
    </Filter>
    <Filter Include="AutoMacro\ImageProcessor\ImageProcessor">
      <UniqueIdentifier>{3d75d78e-33f4-455d-a63b-d5ee17d5fa12}</UniqueIdentifier>
    </Filter>
    <Filter Include="AutoMacro\History\History">
      <UniqueIdentifier>{a4eb7af5-49ed-4a1c-b3bd-63e073de34bb}</UniqueIdentifier>
    </Filter>
    <Filter Include="AutoMacro\Cv">
      <UniqueIdentifier>{030a52a7-bb9e-408b-b96d-2b1c63f531ff}</UniqueIdentifier>
    </Filter>
    <Filter Include="AutoMacro\Core\Core">
      <UniqueIdentifier>{b3aec9e4-a155-47c0-b25b-875887616341}</UniqueIdentifier>
    </Filter>
    <Filter Include="AutoMacro\VideoCapture\VideoCapture">
      <UniqueIdentifier>{29d0b60a-073f-481f-98a5-1e73b3fb5449}</UniqueIdentifier>
    </Filter>
    <Filter Include="AutoMacro\Command\Command">
      <UniqueIdentifier>{9a801732-86a2-469a-a148-28a7470ac090}</UniqueIdentifier>
    </Filter>
    <Filter Include="AutoMacro\KbdMou">
      <UniqueIdentifier>{03f25476-9cef-4ba8-bb3b-c6a6195a1d67}</UniqueIdentifier>
    </Filter>
    <Filter Include="AutoMacro\KbdMou\KbdMou">
      <UniqueIdentifier>{bb0eb1c3-3209-4170-9889-04ba35281a4c}</UniqueIdentifier>
    </Filter>
  </ItemGroup>
  <ItemGroup>
    <ClInclude Include="VideoCapture\VideoCapture.h">
      <Filter>AutoMacro\VideoCapture</Filter>
    </ClInclude>
    <ClInclude Include="Detection\Detection.h">
      <Filter>AutoMacro\Detection</Filter>
    </ClInclude>
    <ClInclude Include="Detection\Detection\BaseDetector.h">
      <Filter>AutoMacro\Detection\Detection</Filter>
    </ClInclude>
    <ClInclude Include="Detection\Detection\DetectionResult.h">
      <Filter>AutoMacro\Detection\Detection</Filter>
    </ClInclude>
    <ClInclude Include="Detection\Detection\Detector.h">
      <Filter>AutoMacro\Detection\Detection</Filter>
    </ClInclude>
    <ClInclude Include="Detection\Detection\DetectorParameter.h">
      <Filter>AutoMacro\Detection\Detection</Filter>
    </ClInclude>
    <ClInclude Include="Detection\Detection\DetectorPreprocessor.h">
      <Filter>AutoMacro\Detection\Detection</Filter>
    </ClInclude>
    <ClInclude Include="Detection\Detection\TemplateBasedDetector.h">
      <Filter>AutoMacro\Detection\Detection</Filter>
    </ClInclude>
    <ClInclude Include="ImageProcessor\ImageProcessor.h">
      <Filter>AutoMacro\ImageProcessor</Filter>
    </ClInclude>
    <ClInclude Include="ImageProcessor\ImageProcessor\BGRConverterProcessor.h">
      <Filter>AutoMacro\ImageProcessor\ImageProcessor</Filter>
    </ClInclude>
    <ClInclude Include="ImageProcessor\ImageProcessor\CroppingProcessor.h">
      <Filter>AutoMacro\ImageProcessor\ImageProcessor</Filter>
    </ClInclude>
    <ClInclude Include="ImageProcessor\ImageProcessor\ImageProcessor.h">
      <Filter>AutoMacro\ImageProcessor\ImageProcessor</Filter>
    </ClInclude>
    <ClInclude Include="History\History\History.h">
      <Filter>AutoMacro\History\History</Filter>
    </ClInclude>
    <ClInclude Include="History\History\KeyboardHistoryAgent.h">
      <Filter>AutoMacro\History\History</Filter>
    </ClInclude>
    <ClInclude Include="History\History\VideoCaptureHistoryAgent.h">
      <Filter>AutoMacro\History\History</Filter>
    </ClInclude>
    <ClInclude Include="History\History.h">
      <Filter>AutoMacro\History</Filter>
    </ClInclude>
    <ClInclude Include="History\History\Histories.h">
      <Filter>AutoMacro\History\History</Filter>
    </ClInclude>
    <ClInclude Include="Cv\Cv.h">
      <Filter>AutoMacro\Cv</Filter>
    </ClInclude>
    <ClInclude Include="Core\Core\Image.h">
      <Filter>AutoMacro\Core\Core</Filter>
    </ClInclude>
    <ClInclude Include="Core\Core\Keyboard.h">
      <Filter>AutoMacro\Core\Core</Filter>
    </ClInclude>
    <ClInclude Include="Core\Core\Mouse.h">
      <Filter>AutoMacro\Core\Core</Filter>
    </ClInclude>
    <ClInclude Include="Core\Core\pch.h">
      <Filter>AutoMacro\Core\Core</Filter>
    </ClInclude>
    <ClInclude Include="Core\Core\Types.h">
      <Filter>AutoMacro\Core\Core</Filter>
    </ClInclude>
    <ClInclude Include="Core\Core\VideoCapture.h">
      <Filter>AutoMacro\Core\Core</Filter>
    </ClInclude>
    <ClInclude Include="Core\Core.h">
      <Filter>AutoMacro\Core</Filter>
    </ClInclude>
    <ClInclude Include="VideoCapture\VideoCapture\ImageFileCapture.h">
      <Filter>AutoMacro\VideoCapture\VideoCapture</Filter>
    </ClInclude>
    <ClInclude Include="VideoCapture\VideoCapture\VideoCapturePostProcessor.h">
      <Filter>AutoMacro\VideoCapture\VideoCapture</Filter>
    </ClInclude>
    <ClInclude Include="Command\Command\CommandParameter.h">
      <Filter>AutoMacro\Command\Command</Filter>
    </ClInclude>
    <ClInclude Include="Command\Command\Command.h">
      <Filter>AutoMacro\Command\Command</Filter>
    </ClInclude>
    <ClInclude Include="Command\Command\SendKeyCommand.h">
      <Filter>AutoMacro\Command\Command</Filter>
    </ClInclude>
    <ClInclude Include="Command\Command\WaitForItemCommand.h">
      <Filter>AutoMacro\Command\Command</Filter>
    </ClInclude>
    <ClInclude Include="Command\Command\WaitForItemsCommand.h">
      <Filter>AutoMacro\Command\Command</Filter>
    </ClInclude>
    <ClInclude Include="Command\Command.h">
      <Filter>AutoMacro\Command</Filter>
    </ClInclude>
    <ClInclude Include="Command\Command\WaitForCommand.h">
      <Filter>AutoMacro\Command\Command</Filter>
    </ClInclude>
    <ClInclude Include="Command\Command\KeyboardCommand.h">
      <Filter>AutoMacro\Command\Command</Filter>
    </ClInclude>
    <ClInclude Include="Command\Command\ShortcutCommand.h">
      <Filter>AutoMacro\Command\Command</Filter>
    </ClInclude>
    <ClInclude Include="Command\Command\DesktopSwitchCommand.h">
      <Filter>AutoMacro\Command\Command</Filter>
    </ClInclude>
    <ClInclude Include="KbdMou\KbdMou\HIDKeyboard.h">
      <Filter>AutoMacro\KbdMou\KbdMou</Filter>
    </ClInclude>
    <ClInclude Include="KbdMou\KbdMou\MockKeyboard.h">
      <Filter>AutoMacro\KbdMou\KbdMou</Filter>
    </ClInclude>
    <ClInclude Include="KbdMou\KbdMou\MockMouse.h">
      <Filter>AutoMacro\KbdMou\KbdMou</Filter>
    </ClInclude>
    <ClInclude Include="KbdMou\KbdMou.h">
      <Filter>AutoMacro\KbdMou</Filter>
    </ClInclude>
    <ClInclude Include="KbdMou\KbdMou\KbdMouDevice.h">
      <Filter>AutoMacro\KbdMou\KbdMou</Filter>
    </ClInclude>
  </ItemGroup>
  <ItemGroup>
    <ClCompile Include="VideoCapture\VideoCapture.cpp">
      <Filter>AutoMacro\VideoCapture</Filter>
    </ClCompile>
    <ClCompile Include="Detection\Detection.cpp">
      <Filter>AutoMacro\Detection</Filter>
    </ClCompile>
    <ClCompile Include="Detection\Detection\BaseDetector.cpp">
      <Filter>AutoMacro\Detection\Detection</Filter>
    </ClCompile>
    <ClCompile Include="Detection\Detection\DetectionResult.cpp">
      <Filter>AutoMacro\Detection\Detection</Filter>
    </ClCompile>
    <ClCompile Include="Detection\Detection\DetectorPreprocessor.cpp">
      <Filter>AutoMacro\Detection\Detection</Filter>
    </ClCompile>
    <ClCompile Include="Detection\Detection\TemplateBasedDetector.cpp">
      <Filter>AutoMacro\Detection\Detection</Filter>
    </ClCompile>
    <ClCompile Include="ImageProcessor\ImageProcessor.cpp">
      <Filter>AutoMacro\ImageProcessor</Filter>
    </ClCompile>
    <ClCompile Include="ImageProcessor\ImageProcessor\BGRConverterProcessor.cpp">
      <Filter>AutoMacro\ImageProcessor\ImageProcessor</Filter>
    </ClCompile>
    <ClCompile Include="ImageProcessor\ImageProcessor\CroppingProcessor.cpp">
      <Filter>AutoMacro\ImageProcessor\ImageProcessor</Filter>
    </ClCompile>
    <ClCompile Include="History\History\KeyboardHistoryAgent.cpp">
      <Filter>AutoMacro\History\History</Filter>
    </ClCompile>
    <ClCompile Include="History\History\VideoCaptureHistoryAgent.cpp">
      <Filter>AutoMacro\History\History</Filter>
    </ClCompile>
    <ClCompile Include="History\History.cpp">
      <Filter>AutoMacro\History</Filter>
    </ClCompile>
    <ClCompile Include="History\History\Histories.cpp">
      <Filter>AutoMacro\History\History</Filter>
    </ClCompile>
    <ClCompile Include="Cv\Cv.cpp">
      <Filter>AutoMacro\Cv</Filter>
    </ClCompile>
    <ClCompile Include="Core\Core\Image.cpp">
      <Filter>AutoMacro\Core\Core</Filter>
    </ClCompile>
    <ClCompile Include="Core\Core\Types.cpp">
      <Filter>AutoMacro\Core\Core</Filter>
    </ClCompile>
    <ClCompile Include="VideoCapture\VideoCapture\ImageFileCapture.cpp">
      <Filter>AutoMacro\VideoCapture\VideoCapture</Filter>
    </ClCompile>
    <ClCompile Include="VideoCapture\VideoCapture\VideoCapturePostProcessor.cpp">
      <Filter>AutoMacro\VideoCapture\VideoCapture</Filter>
    </ClCompile>
    <ClCompile Include="Command\Command\SendKeyCommand.cpp">
      <Filter>AutoMacro\Command\Command</Filter>
    </ClCompile>
    <ClCompile Include="Command\Command\WaitForItemCommand.cpp">
      <Filter>AutoMacro\Command\Command</Filter>
    </ClCompile>
    <ClCompile Include="Command\Command\WaitForItemsCommand.cpp">
      <Filter>AutoMacro\Command\Command</Filter>
    </ClCompile>
    <ClCompile Include="Command\Command.cpp">
      <Filter>AutoMacro\Command</Filter>
    </ClCompile>
    <ClCompile Include="Command\Command\WaitForCommand.cpp">
      <Filter>AutoMacro\Command\Command</Filter>
    </ClCompile>
    <ClCompile Include="Command\Command\KeyboardCommand.cpp">
      <Filter>AutoMacro\Command\Command</Filter>
    </ClCompile>
    <ClCompile Include="Command\Command\ShortcutCommand.cpp">
      <Filter>AutoMacro\Command\Command</Filter>
    </ClCompile>
    <ClCompile Include="Command\Command\DesktopSwitchCommand.cpp">
      <Filter>AutoMacro\Command\Command</Filter>
    </ClCompile>
    <ClCompile Include="KbdMou\KbdMou\HIDKeyboard.cpp">
      <Filter>AutoMacro\KbdMou\KbdMou</Filter>
    </ClCompile>
    <ClCompile Include="KbdMou\KbdMou\MockKeyboard.cpp">
      <Filter>AutoMacro\KbdMou\KbdMou</Filter>
    </ClCompile>
    <ClCompile Include="KbdMou\KbdMou\MockMouse.cpp">
      <Filter>AutoMacro\KbdMou\KbdMou</Filter>
    </ClCompile>
    <ClCompile Include="KbdMou\KbdMou.cpp">
      <Filter>AutoMacro\KbdMou</Filter>
    </ClCompile>
    <ClCompile Include="KbdMou\KbdMou\KbdMouDevice.cpp">
      <Filter>AutoMacro\KbdMou\KbdMou</Filter>
    </ClCompile>
  </ItemGroup>
  <ItemGroup>
    <CopyFileToFolders Include="..\packages\opencv\bin\opencv_core455.dll">
      <Filter>Resource Files\bin</Filter>
    </CopyFileToFolders>
    <CopyFileToFolders Include="..\packages\opencv\bin\opencv_core455d.dll">
      <Filter>Resource Files\bin</Filter>
    </CopyFileToFolders>
    <CopyFileToFolders Include="..\packages\opencv\bin\opencv_dnn455.dll">
      <Filter>Resource Files\bin</Filter>
    </CopyFileToFolders>
    <CopyFileToFolders Include="..\packages\opencv\bin\opencv_dnn455d.dll">
      <Filter>Resource Files\bin</Filter>
    </CopyFileToFolders>
    <CopyFileToFolders Include="..\packages\opencv\bin\opencv_highgui455.dll">
      <Filter>Resource Files\bin</Filter>
    </CopyFileToFolders>
    <CopyFileToFolders Include="..\packages\opencv\bin\opencv_highgui455d.dll">
      <Filter>Resource Files\bin</Filter>
    </CopyFileToFolders>
    <CopyFileToFolders Include="..\packages\opencv\bin\opencv_imgcodecs455.dll">
      <Filter>Resource Files\bin</Filter>
    </CopyFileToFolders>
    <CopyFileToFolders Include="..\packages\opencv\bin\opencv_imgcodecs455d.dll">
      <Filter>Resource Files\bin</Filter>
    </CopyFileToFolders>
    <CopyFileToFolders Include="..\packages\opencv\bin\opencv_imgproc455.dll">
      <Filter>Resource Files\bin</Filter>
    </CopyFileToFolders>
    <CopyFileToFolders Include="..\packages\opencv\bin\opencv_imgproc455d.dll">
      <Filter>Resource Files\bin</Filter>
    </CopyFileToFolders>
    <CopyFileToFolders Include="..\packages\opencv\bin\opencv_videoio455.dll">
      <Filter>Resource Files\bin</Filter>
    </CopyFileToFolders>
    <CopyFileToFolders Include="..\packages\opencv\bin\opencv_videoio455d.dll">
      <Filter>Resource Files\bin</Filter>
    </CopyFileToFolders>
    <CopyFileToFolders Include="..\packages\openvino\bin\intel64\Release\openvino.dll">
      <Filter>Resource Files\bin</Filter>
    </CopyFileToFolders>
    <CopyFileToFolders Include="..\packages\openvino\bin\intel64\Release\openvino_intel_cpu_plugin.dll">
      <Filter>Resource Files\bin</Filter>
    </CopyFileToFolders>
    <CopyFileToFolders Include="..\packages\openvino\bin\intel64\Debug\openvino_intel_cpu_plugind.dll">
      <Filter>Resource Files\bin</Filter>
    </CopyFileToFolders>
    <CopyFileToFolders Include="..\packages\openvino\bin\intel64\Release\openvino_ir_frontend.dll">
      <Filter>Resource Files\bin</Filter>
    </CopyFileToFolders>
    <CopyFileToFolders Include="..\packages\openvino\bin\intel64\Debug\openvino_ir_frontendd.dll">
      <Filter>Resource Files\bin</Filter>
    </CopyFileToFolders>
    <CopyFileToFolders Include="..\packages\openvino\bin\intel64\Debug\openvinod.dll">
      <Filter>Resource Files\bin</Filter>
    </CopyFileToFolders>
    <CopyFileToFolders Include="..\packages\openvino\bin\intel64\Release\plugins.xml">
      <Filter>Resource Files\bin</Filter>
    </CopyFileToFolders>
    <CopyFileToFolders Include="..\packages\openvino\bin\intel64\Debug\plugins.xml">
      <Filter>Resource Files\bin</Filter>
    </CopyFileToFolders>
    <CopyFileToFolders Include="..\packages\tbb\bin\tbb.dll">
      <Filter>Resource Files\bin</Filter>
    </CopyFileToFolders>
    <CopyFileToFolders Include="..\packages\tbb\bin\tbb_debug.dll">
      <Filter>Resource Files\bin</Filter>
    </CopyFileToFolders>
  </ItemGroup>
</Project>