
Microsoft Visual Studio Solution File, Format Version 12.00
# Visual Studio Version 17
VisualStudioVersion = 17.2.32519.379
MinimumVisualStudioVersion = 10.0.40219.1
Project("{8BC9CEB8-8B4A-11D0-8D11-00A0C91BC942}") = "AutoMacro", "AutoMacro\AutoMacro.vcxproj", "{ACA0B4D0-744F-4CC6-99E3-3A25407DD92C}"
EndProject
Project("{8BC9CEB8-8B4A-11D0-8D11-00A0C91BC942}") = "AutoMacroTest", "AutoMacroTest\AutoMacroTest.vcxproj", "{62D5F0F8-B4F0-4E1A-9AD6-56DDC13B5D32}"
EndProject
Global
	GlobalSection(SolutionConfigurationPlatforms) = preSolution
		Debug|x64 = Debug|x64
		Debug|x86 = Debug|x86
		Release|x64 = Release|x64
		Release|x86 = Release|x86
	EndGlobalSection
	GlobalSection(ProjectConfigurationPlatforms) = postSolution
		{ACA0B4D0-744F-4CC6-99E3-3A25407DD92C}.Debug|x64.ActiveCfg = Debug|x64
		{ACA0B4D0-744F-4CC6-99E3-3A25407DD92C}.Debug|x64.Build.0 = Debug|x64
		{ACA0B4D0-744F-4CC6-99E3-3A25407DD92C}.Debug|x86.ActiveCfg = Debug|Win32
		{ACA0B4D0-744F-4CC6-99E3-3A25407DD92C}.Debug|x86.Build.0 = Debug|Win32
		{ACA0B4D0-744F-4CC6-99E3-3A25407DD92C}.Release|x64.ActiveCfg = Release|x64
		{ACA0B4D0-744F-4CC6-99E3-3A25407DD92C}.Release|x64.Build.0 = Release|x64
		{ACA0B4D0-744F-4CC6-99E3-3A25407DD92C}.Release|x86.ActiveCfg = Release|Win32
		{ACA0B4D0-744F-4CC6-99E3-3A25407DD92C}.Release|x86.Build.0 = Release|Win32
		{62D5F0F8-B4F0-4E1A-9AD6-56DDC13B5D32}.Debug|x64.ActiveCfg = Debug|x64
		{62D5F0F8-B4F0-4E1A-9AD6-56DDC13B5D32}.Debug|x64.Build.0 = Debug|x64
		{62D5F0F8-B4F0-4E1A-9AD6-56DDC13B5D32}.Debug|x86.ActiveCfg = Debug|Win32
		{62D5F0F8-B4F0-4E1A-9AD6-56DDC13B5D32}.Debug|x86.Build.0 = Debug|Win32
		{62D5F0F8-B4F0-4E1A-9AD6-56DDC13B5D32}.Release|x64.ActiveCfg = Release|x64
		{62D5F0F8-B4F0-4E1A-9AD6-56DDC13B5D32}.Release|x64.Build.0 = Release|x64
		{62D5F0F8-B4F0-4E1A-9AD6-56DDC13B5D32}.Release|x86.ActiveCfg = Release|Win32
		{62D5F0F8-B4F0-4E1A-9AD6-56DDC13B5D32}.Release|x86.Build.0 = Release|Win32
	EndGlobalSection
	GlobalSection(SolutionProperties) = preSolution
		HideSolutionNode = FALSE
	EndGlobalSection
	GlobalSection(ExtensibilityGlobals) = postSolution
		SolutionGuid = {9E5D84A9-95E7-4F7A-8639-95C6ED2F7D6C}
	EndGlobalSection
EndGlobal
