<?xml version="1.0" encoding="utf-8"?>
<Project ToolsVersion="4.0" xmlns="http://schemas.microsoft.com/developer/msbuild/2003">
  <ItemGroup>
    <Filter Include="Resource Files">
      <UniqueIdentifier>{67DA6AB6-F800-4c08-8B7A-83BB121AAD01}</UniqueIdentifier>
      <Extensions>rc;ico;cur;bmp;dlg;rc2;rct;bin;rgs;gif;jpg;jpeg;jpe;resx;tiff;tif;png;wav;mfcribbon-ms</Extensions>
    </Filter>
    <Filter Include="AutoMacroTest">
      <UniqueIdentifier>{58dda09d-8b7b-4c55-99c5-a233d31100f6}</UniqueIdentifier>
    </Filter>
    <Filter Include="AutoMacroTest\Core">
      <UniqueIdentifier>{9d119cd0-5edc-4642-9515-c0befb466365}</UniqueIdentifier>
    </Filter>
    <Filter Include="AutoMacroTest\Detection">
      <UniqueIdentifier>{c8828f5f-b9a4-466a-bb87-616dd56599b2}</UniqueIdentifier>
    </Filter>
    <Filter Include="AutoMacroTest\Keyboard">
      <UniqueIdentifier>{7a88b5ca-ce04-452d-adad-e36a19f3f46d}</UniqueIdentifier>
    </Filter>
    <Filter Include="AutoMacroTest\Mouse">
      <UniqueIdentifier>{cb0071ba-57c7-4c2a-bace-47e482ba898e}</UniqueIdentifier>
    </Filter>
    <Filter Include="AutoMacroTest\VideoCapture">
      <UniqueIdentifier>{254b3146-207f-4b56-b535-4845c085c665}</UniqueIdentifier>
    </Filter>
    <Filter Include="AutoMacroTest\Images">
      <UniqueIdentifier>{8f7bc521-ddd1-4d4f-b158-2715e4bc57ff}</UniqueIdentifier>
    </Filter>
    <Filter Include="AutoMacroTest\Images\AutoMacroTest">
      <UniqueIdentifier>{e6323273-d6ea-4b37-9838-bd247ada5817}</UniqueIdentifier>
    </Filter>
    <Filter Include="AutoMacroTest\History">
      <UniqueIdentifier>{0cc69c6e-b9a0-4f12-bf24-440d286ae361}</UniqueIdentifier>
    </Filter>
    <Filter Include="AutoMacroTest\Command">
      <UniqueIdentifier>{1d6057b6-2db1-4fea-85f8-4ca5f34080e9}</UniqueIdentifier>
    </Filter>
    <Filter Include="AutoMacroTest\ImageProcessor">
      <UniqueIdentifier>{abc588c2-cc41-42c0-ad4a-ad949e3c980c}</UniqueIdentifier>
    </Filter>
  </ItemGroup>
  <ItemGroup>
    <ClCompile Include="Core\TypesTest.cpp">
      <Filter>AutoMacroTest\Core</Filter>
    </ClCompile>
    <ClCompile Include="Mouse\MockMouseTest.cpp">
      <Filter>AutoMacroTest\Mouse</Filter>
    </ClCompile>
    <ClCompile Include="Keyboard\MockKeyboardTest.cpp">
      <Filter>AutoMacroTest\Keyboard</Filter>
    </ClCompile>
    <ClCompile Include="Detection\DetectionResultTest.cpp">
      <Filter>AutoMacroTest\Detection</Filter>
    </ClCompile>
    <ClCompile Include="Detection\DetectionResultsProcessorTest.cpp">
      <Filter>AutoMacroTest\Detection</Filter>
    </ClCompile>
    <ClCompile Include="VideoCapture\ImageFileCaptureTest.cpp">
      <Filter>AutoMacroTest\VideoCapture</Filter>
    </ClCompile>
    <ClCompile Include="VideoCapture\VideoCapturePostProcessorTest.cpp">
      <Filter>AutoMacroTest\VideoCapture</Filter>
    </ClCompile>
    <ClCompile Include="Detection\TemplateBasedDetectorTest.cpp">
      <Filter>AutoMacroTest\Detection</Filter>
    </ClCompile>
    <ClCompile Include="History\HistoryAssert.cpp">
      <Filter>AutoMacroTest\History</Filter>
    </ClCompile>
    <ClCompile Include="History\HistoryTest.cpp">
      <Filter>AutoMacroTest\History</Filter>
    </ClCompile>
    <ClCompile Include="History\KeyboardHistoryAgentTest.cpp">
      <Filter>AutoMacroTest\History</Filter>
    </ClCompile>
    <ClCompile Include="History\VideoCaptureHistoryAgentTest.cpp">
      <Filter>AutoMacroTest\History</Filter>
    </ClCompile>
    <ClCompile Include="Core\ImageTest.cpp">
      <Filter>AutoMacroTest\Core</Filter>
    </ClCompile>
    <ClCompile Include="Command\SendKeyCommandTest.cpp">
      <Filter>AutoMacroTest\Command</Filter>
    </ClCompile>
    <ClCompile Include="Command\WaitForItemCommandTest.cpp">
      <Filter>AutoMacroTest\Command</Filter>
    </ClCompile>
    <ClCompile Include="Command\WaitForItemsCommandTest.cpp">
      <Filter>AutoMacroTest\Command</Filter>
    </ClCompile>
    <ClCompile Include="ImageProcessor\CroppingProcessorTest.cpp">
      <Filter>AutoMacroTest\ImageProcessor</Filter>
    </ClCompile>
    <ClCompile Include="ImageProcessor\BGRConverterProcessorTest.cpp">
      <Filter>AutoMacroTest\ImageProcessor</Filter>
    </ClCompile>
    <ClCompile Include="Detection\DetectionPreprocessorTest.cpp">
      <Filter>AutoMacroTest\Detection</Filter>
    </ClCompile>
  </ItemGroup>
  <ItemGroup>
    <ClInclude Include="Core\TypesTest.h">
      <Filter>AutoMacroTest\Core</Filter>
    </ClInclude>
    <ClInclude Include="Mouse\MockMouseTest.h">
      <Filter>AutoMacroTest\Mouse</Filter>
    </ClInclude>
    <ClInclude Include="Keyboard\MockKeyboardTest.h">
      <Filter>AutoMacroTest\Keyboard</Filter>
    </ClInclude>
    <ClInclude Include="Detection\DetectionResultTest.h">
      <Filter>AutoMacroTest\Detection</Filter>
    </ClInclude>
    <ClInclude Include="Detection\DetectionResultsProcessorTest.h">
      <Filter>AutoMacroTest\Detection</Filter>
    </ClInclude>
    <ClInclude Include="VideoCapture\ImageFileCaptureTest.h">
      <Filter>AutoMacroTest\VideoCapture</Filter>
    </ClInclude>
    <ClInclude Include="VideoCapture\VideoCapturePostProcessorTest.h">
      <Filter>AutoMacroTest\VideoCapture</Filter>
    </ClInclude>
    <ClInclude Include="Detection\TemplateBasedDetectorTest.h">
      <Filter>AutoMacroTest\Detection</Filter>
    </ClInclude>
    <ClInclude Include="History\HistoryAssert.h">
      <Filter>AutoMacroTest\History</Filter>
    </ClInclude>
    <ClInclude Include="History\HistoryTest.h">
      <Filter>AutoMacroTest\History</Filter>
    </ClInclude>
    <ClInclude Include="History\KeyboardHistoryAgentTest.h">
      <Filter>AutoMacroTest\History</Filter>
    </ClInclude>
    <ClInclude Include="History\VideoCaptureHistoryAgentTest.h">
      <Filter>AutoMacroTest\History</Filter>
    </ClInclude>
    <ClInclude Include="Core\ImageTest.h">
      <Filter>AutoMacroTest\Core</Filter>
    </ClInclude>
    <ClInclude Include="Command\SendKeyCommandTest.h">
      <Filter>AutoMacroTest\Command</Filter>
    </ClInclude>
    <ClInclude Include="Command\WaitForItemCommandTest.h">
      <Filter>AutoMacroTest\Command</Filter>
    </ClInclude>
    <ClInclude Include="Command\WaitForItemsCommandTest.h">
      <Filter>AutoMacroTest\Command</Filter>
    </ClInclude>
    <ClInclude Include="ImageProcessor\CroppingProcessorTest.h">
      <Filter>AutoMacroTest\ImageProcessor</Filter>
    </ClInclude>
    <ClInclude Include="ImageProcessor\BGRConverterProcessorTest.h">
      <Filter>AutoMacroTest\ImageProcessor</Filter>
    </ClInclude>
    <ClInclude Include="Detection\DetectionPreprocessorTest.h">
      <Filter>AutoMacroTest\Detection</Filter>
    </ClInclude>
  </ItemGroup>
  <ItemGroup>
    <CopyFileToFolders Include="Images\AutoMacroTest\ItemExists_10x10_24bits.png">
      <Filter>AutoMacroTest\Images\AutoMacroTest</Filter>
    </CopyFileToFolders>
    <CopyFileToFolders Include="Images\AutoMacroTest\AllItemExists_10x10_24bits.png">
      <Filter>AutoMacroTest\Images\AutoMacroTest</Filter>
    </CopyFileToFolders>
    <CopyFileToFolders Include="Images\AutoMacroTest\BlackWithWhiteBorder_5x5_24bits.png">
      <Filter>AutoMacroTest\Images\AutoMacroTest</Filter>
    </CopyFileToFolders>
    <CopyFileToFolders Include="Images\AutoMacroTest\Template_5x5_24bits.png">
      <Filter>AutoMacroTest\Images\AutoMacroTest</Filter>
    </CopyFileToFolders>
    <CopyFileToFolders Include="Images\AutoMacroTest\Sample_10x10_32bits.png">
      <Filter>AutoMacroTest\Images\AutoMacroTest</Filter>
    </CopyFileToFolders>
    <CopyFileToFolders Include="Images\AutoMacroTest\ItemNotExists_10x10_24bits.png">
      <Filter>AutoMacroTest\Images\AutoMacroTest</Filter>
    </CopyFileToFolders>
    <CopyFileToFolders Include="Images\AutoMacroTest\ItemExists_10x10_32bits.png">
      <Filter>AutoMacroTest\Images\AutoMacroTest</Filter>
    </CopyFileToFolders>
  </ItemGroup>
</Project>