<?xml version="1.0" encoding="utf-8"?>
<Project ToolsVersion="4.0" xmlns="http://schemas.microsoft.com/developer/msbuild/2003">
  <ItemGroup>
    <ClCompile Include="Core\Image.cpp">
      <Filter>Core</Filter>
    </ClCompile>
    <ClCompile Include="Core\Types.cpp">
      <Filter>Core</Filter>
    </ClCompile>
    <ClCompile Include="Core\DetectionResult.cpp">
      <Filter>Core</Filter>
    </ClCompile>
  </ItemGroup>
  <ItemGroup>
    <ClInclude Include="Core.h" />
    <ClInclude Include="Core\Image.h">
      <Filter>Core</Filter>
    </ClInclude>
    <ClInclude Include="Core\Keyboard.h">
      <Filter>Core</Filter>
    </ClInclude>
    <ClInclude Include="Core\Mouse.h">
      <Filter>Core</Filter>
    </ClInclude>
    <ClInclude Include="Core\pch.h">
      <Filter>Core</Filter>
    </ClInclude>
    <ClInclude Include="Core\Types.h">
      <Filter>Core</Filter>
    </ClInclude>
    <ClInclude Include="Core\VideoCapture.h">
      <Filter>Core</Filter>
    </ClInclude>
    <ClInclude Include="Core\Command.h">
      <Filter>Core</Filter>
    </ClInclude>
    <ClInclude Include="Core\CommandParameter.h">
      <Filter>Core</Filter>
    </ClInclude>
    <ClInclude Include="Core\DetectionResult.h">
      <Filter>Core</Filter>
    </ClInclude>
    <ClInclude Include="Core\Detector.h">
      <Filter>Core</Filter>
    </ClInclude>
    <ClInclude Include="Core\ImageProcessor.h">
      <Filter>Core</Filter>
    </ClInclude>
    <ClInclude Include="Core\Delay.h">
      <Filter>Core</Filter>
    </ClInclude>
    <ClInclude Include="Core\Kvm.h">
      <Filter>Core</Filter>
    </ClInclude>
  </ItemGroup>
  <ItemGroup>
    <Filter Include="Core">
      <UniqueIdentifier>{b7b479fe-9a1e-457f-a0ed-8b023b42d0ca}</UniqueIdentifier>
    </Filter>
  </ItemGroup>
</Project>