<?xml version="1.0" encoding="utf-8"?>
<Project ToolsVersion="4.0" xmlns="http://schemas.microsoft.com/developer/msbuild/2003">
  <ItemGroup>
    <ClCompile Include="Core\Image.cpp">
      <Filter>Core</Filter>
    </ClCompile>
    <ClCompile Include="Core\Types.cpp">
      <Filter>Core</Filter>
    </ClCompile>
    <ClCompile Include="Command\Commands.cpp">
      <Filter>Command</Filter>
    </ClCompile>
    <ClCompile Include="Detection\DetectionResult.cpp">
      <Filter>Detection</Filter>
    </ClCompile>
    <ClCompile Include="Command.cpp" />
    <ClCompile Include="Command\CounterCommand.cpp">
      <Filter>Command</Filter>
    </ClCompile>
    <ClCompile Include="Command\WhileCommand.cpp">
      <Filter>Command</Filter>
    </ClCompile>
    <ClCompile Include="Command\DelayCommand.cpp">
      <Filter>Command</Filter>
    </ClCompile>
    <ClCompile Include="Kvm\Kvm\MockKeyboard.cpp">
      <Filter>Kvm\Kvm</Filter>
    </ClCompile>
    <ClCompile Include="Kvm\Kvm\MockMouse.cpp">
      <Filter>Kvm\Kvm</Filter>
    </ClCompile>
    <ClCompile Include="Kvm\Factory\MockDelayFactory.cpp">
      <Filter>Kvm\Factory</Filter>
    </ClCompile>
    <ClCompile Include="Kvm\Factory\MockKeyboardFactory.cpp">
      <Filter>Kvm\Factory</Filter>
    </ClCompile>
    <ClCompile Include="Kvm\Factory\MockMouseFactory.cpp">
      <Filter>Kvm\Factory</Filter>
    </ClCompile>
    <ClCompile Include="Kvm\Factory\MockVideoCaptureFactory.cpp">
      <Filter>Kvm\Factory</Filter>
    </ClCompile>
  </ItemGroup>
  <ItemGroup>
    <ClInclude Include="Core\Image.h">
      <Filter>Core</Filter>
    </ClInclude>
    <ClInclude Include="Core\pch.h">
      <Filter>Core</Filter>
    </ClInclude>
    <ClInclude Include="Core\Types.h">
      <Filter>Core</Filter>
    </ClInclude>
    <ClInclude Include="Kvm\Delay.h">
      <Filter>Kvm</Filter>
    </ClInclude>
    <ClInclude Include="Kvm\Keyboard.h">
      <Filter>Kvm</Filter>
    </ClInclude>
    <ClInclude Include="Kvm\Kvm.h">
      <Filter>Kvm</Filter>
    </ClInclude>
    <ClInclude Include="Kvm\Mouse.h">
      <Filter>Kvm</Filter>
    </ClInclude>
    <ClInclude Include="Kvm\VideoCapture.h">
      <Filter>Kvm</Filter>
    </ClInclude>
    <ClInclude Include="Core.h" />
    <ClInclude Include="Command\KvmCommand.h">
      <Filter>Command</Filter>
    </ClInclude>
    <ClInclude Include="Command\KvmCommandParameter.h">
      <Filter>Command</Filter>
    </ClInclude>
    <ClInclude Include="Command\Commands.h">
      <Filter>Command</Filter>
    </ClInclude>
    <ClInclude Include="Command\CommandsParameter.h">
      <Filter>Command</Filter>
    </ClInclude>
    <ClInclude Include="Detection\DetectionResult.h">
      <Filter>Detection</Filter>
    </ClInclude>
    <ClInclude Include="Detection\Detector.h">
      <Filter>Detection</Filter>
    </ClInclude>
    <ClInclude Include="ImageProcessor\ImageProcessor.h">
      <Filter>ImageProcessor</Filter>
    </ClInclude>
    <ClInclude Include="Command\EmptyCommand.h">
      <Filter>Command</Filter>
    </ClInclude>
    <ClInclude Include="Command\Command.h">
      <Filter>Command</Filter>
    </ClInclude>
    <ClInclude Include="Command.h" />
    <ClInclude Include="Command\CounterCommand.h">
      <Filter>Command</Filter>
    </ClInclude>
    <ClInclude Include="Command\CounterCommandParameter.h">
      <Filter>Command</Filter>
    </ClInclude>
    <ClInclude Include="Command\TCommandAdapter.h">
      <Filter>Command</Filter>
    </ClInclude>
    <ClInclude Include="Command\WhileCommandParameter.h">
      <Filter>Command</Filter>
    </ClInclude>
    <ClInclude Include="Command\WhileCommand.h">
      <Filter>Command</Filter>
    </ClInclude>
    <ClInclude Include="Command\DelayCommand.h">
      <Filter>Command</Filter>
    </ClInclude>
    <ClInclude Include="Command\DelayCommandParameter.h">
      <Filter>Command</Filter>
    </ClInclude>
    <ClInclude Include="Kvm\Kvm\MockKeyboard.h">
      <Filter>Kvm\Kvm</Filter>
    </ClInclude>
    <ClInclude Include="Kvm\Kvm\MockMouse.h">
      <Filter>Kvm\Kvm</Filter>
    </ClInclude>
    <ClInclude Include="Kvm\Kvm\MockVideoCapture.h">
      <Filter>Kvm\Kvm</Filter>
    </ClInclude>
    <ClInclude Include="Kvm\Kvm\MockDelay.h">
      <Filter>Kvm\Kvm</Filter>
    </ClInclude>
    <ClInclude Include="Kvm\Factory\MockDelayFactory.h">
      <Filter>Kvm\Factory</Filter>
    </ClInclude>
    <ClInclude Include="Kvm\Factory\MockKeyboardFactory.h">
      <Filter>Kvm\Factory</Filter>
    </ClInclude>
    <ClInclude Include="Kvm\Factory\MockMouseFactory.h">
      <Filter>Kvm\Factory</Filter>
    </ClInclude>
    <ClInclude Include="Kvm\Factory\MockVideoCaptureFactory.h">
      <Filter>Kvm\Factory</Filter>
    </ClInclude>
  </ItemGroup>
  <ItemGroup>
    <Filter Include="Core">
      <UniqueIdentifier>{b7b479fe-9a1e-457f-a0ed-8b023b42d0ca}</UniqueIdentifier>
    </Filter>
    <Filter Include="Kvm">
      <UniqueIdentifier>{d227fa55-e2a9-4d28-845d-868a0eb671eb}</UniqueIdentifier>
    </Filter>
    <Filter Include="Command">
      <UniqueIdentifier>{93fa78eb-424e-41ca-a974-4c8177b0448d}</UniqueIdentifier>
    </Filter>
    <Filter Include="ImageProcessor">
      <UniqueIdentifier>{973f2143-9809-4517-831d-a61296560362}</UniqueIdentifier>
    </Filter>
    <Filter Include="Detection">
      <UniqueIdentifier>{c4fd134a-c796-4feb-869a-8ea713aeec3c}</UniqueIdentifier>
    </Filter>
    <Filter Include="Kvm\Kvm">
      <UniqueIdentifier>{d5bf026f-a886-4ea4-9a1c-1edffa3e0785}</UniqueIdentifier>
    </Filter>
    <Filter Include="Kvm\Factory">
      <UniqueIdentifier>{41134e32-c9ae-4446-9e08-eccf6fc570a2}</UniqueIdentifier>
    </Filter>
  </ItemGroup>
</Project>