<?xml version="1.0" encoding="utf-8"?>
<Project ToolsVersion="4.0" xmlns="http://schemas.microsoft.com/developer/msbuild/2003">
  <ItemGroup>
    <ClCompile Include="Core\Image.cpp">
      <Filter>Core</Filter>
    </ClCompile>
    <ClCompile Include="Core\Types.cpp">
      <Filter>Core</Filter>
    </ClCompile>
    <ClCompile Include="Core.cpp" />
    <ClCompile Include="Command\Commands.cpp">
      <Filter>Command</Filter>
    </ClCompile>
    <ClCompile Include="Detection\DetectionResult.cpp">
      <Filter>Detection</Filter>
    </ClCompile>
  </ItemGroup>
  <ItemGroup>
    <ClInclude Include="Core\Image.h">
      <Filter>Core</Filter>
    </ClInclude>
    <ClInclude Include="Core\pch.h">
      <Filter>Core</Filter>
    </ClInclude>
    <ClInclude Include="Core\Types.h">
      <Filter>Core</Filter>
    </ClInclude>
    <ClInclude Include="Kvm\Delay.h">
      <Filter>Kvm</Filter>
    </ClInclude>
    <ClInclude Include="Kvm\Keyboard.h">
      <Filter>Kvm</Filter>
    </ClInclude>
    <ClInclude Include="Kvm\Kvm.h">
      <Filter>Kvm</Filter>
    </ClInclude>
    <ClInclude Include="Kvm\Mouse.h">
      <Filter>Kvm</Filter>
    </ClInclude>
    <ClInclude Include="Kvm\VideoCapture.h">
      <Filter>Kvm</Filter>
    </ClInclude>
    <ClInclude Include="Kvm\MockDelay.h">
      <Filter>Kvm</Filter>
    </ClInclude>
    <ClInclude Include="Core.h" />
    <ClInclude Include="Command\Command.h">
      <Filter>Command</Filter>
    </ClInclude>
    <ClInclude Include="Command\CommandParameter.h">
      <Filter>Command</Filter>
    </ClInclude>
    <ClInclude Include="Command\Commands.h">
      <Filter>Command</Filter>
    </ClInclude>
    <ClInclude Include="Command\CommandsParameter.h">
      <Filter>Command</Filter>
    </ClInclude>
    <ClInclude Include="Detection\DetectionResult.h">
      <Filter>Detection</Filter>
    </ClInclude>
    <ClInclude Include="Detection\Detector.h">
      <Filter>Detection</Filter>
    </ClInclude>
    <ClInclude Include="ImageProcessor\ImageProcessor.h">
      <Filter>ImageProcessor</Filter>
    </ClInclude>
  </ItemGroup>
  <ItemGroup>
    <Filter Include="Core">
      <UniqueIdentifier>{b7b479fe-9a1e-457f-a0ed-8b023b42d0ca}</UniqueIdentifier>
    </Filter>
    <Filter Include="Kvm">
      <UniqueIdentifier>{d227fa55-e2a9-4d28-845d-868a0eb671eb}</UniqueIdentifier>
    </Filter>
    <Filter Include="Command">
      <UniqueIdentifier>{93fa78eb-424e-41ca-a974-4c8177b0448d}</UniqueIdentifier>
    </Filter>
    <Filter Include="ImageProcessor">
      <UniqueIdentifier>{973f2143-9809-4517-831d-a61296560362}</UniqueIdentifier>
    </Filter>
    <Filter Include="Detection">
      <UniqueIdentifier>{c4fd134a-c796-4feb-869a-8ea713aeec3c}</UniqueIdentifier>
    </Filter>
  </ItemGroup>
</Project>